
Microsoft Visual Studio Solution File, Format Version 12.00
# Visual Studio Version 17
VisualStudioVersion = 17.14.36518.9
MinimumVisualStudioVersion = 10.0.40219.1
Project("{2150E333-8FDC-42A3-9474-1A3956D46DE8}") = "Task2", "Task2", "{02EA681E-C7D8-13C7-8484-4AC65E1B71E8}"
EndProject
Project("{FAE04EC0-301F-11D3-BF4B-00C04F79EFBC}") = "Tyuiu.Ahmadi2.Sprint1.Task2.V1", "Tyuiu.Ahmadi2.Sprint1.Task2.V1\Tyuiu.Ahmadi2.Sprint1.Task2.V1.csproj", "{23B6F5C5-A537-4FDC-803D-84560CBB78A6}"
EndProject
Project("{FAE04EC0-301F-11D3-BF4B-00C04F79EFBC}") = "Tyuiu.Ahmadi2.Sprint1.Task2.V1.Test", "Tyuiu.Ahmadi2.Sprint1.Task2.V1.Test\Tyuiu.Ahmadi2.Sprint1.Task2.V1.Test.csproj", "{D0767981-69C3-4BCD-9ACB-85C86DF3A266}"
EndProject
Project("{FAE04EC0-301F-11D3-BF4B-00C04F79EFBC}") = "Tyuiu.Ahmadi2.Sprint1.Task2.V1.Lib", "Tyuiu.Ahmadi2.Sprint1.Task2.V1.Lib\Tyuiu.Ahmadi2.Sprint1.Task2.V1.Lib.csproj", "{858C6A96-D14E-477C-9BAE-41946786E7DE}"
EndProject
Project("{2150E333-8FDC-42A3-9474-1A3956D46DE8}") = "Task3", "Task3", "{F167B14B-F19B-4668-A5AF-561F7E064FB0}"
EndProject
Project("{FAE04EC0-301F-11D3-BF4B-00C04F79EFBC}") = "Tyuiu.Ahmadi2.Sprint1.Task3.V8", "Tyuiu.Ahmadi2.Sprint1.Task3.V8\Tyuiu.Ahmadi2.Sprint1.Task3.V8.csproj", "{5CF777C3-3648-49C5-BA90-8A5C38FFEB9D}"
EndProject
Project("{FAE04EC0-301F-11D3-BF4B-00C04F79EFBC}") = "Tyuiu.Ahmadi2.Sprint1.Task3.V8.Lib", "Tyuiu.Ahmadi2.Sprint1.Task3.V8.Lib\Tyuiu.Ahmadi2.Sprint1.Task3.V8.Lib.csproj", "{F4F43D1F-60FF-4907-AF06-FDB25D52A887}"
EndProject
Project("{FAE04EC0-301F-11D3-BF4B-00C04F79EFBC}") = "Tyuiu.Ahmadi2.Sprint1.Task3.V8.Test", "Tyuiu.Ahmadi2.Sprint1.Task3.V8.Test\Tyuiu.Ahmadi2.Sprint1.Task3.V8.Test.csproj", "{7DD4FD89-3080-411F-B0F6-E4AFBF73DF42}"
EndProject
Project("{2150E333-8FDC-42A3-9474-1A3956D46DE8}") = "Task4", "Task4", "{029FFD27-E44F-4CCF-B7A4-41152E7687C3}"
EndProject
Project("{FAE04EC0-301F-11D3-BF4B-00C04F79EFBC}") = "Tyuiu.Ahmadi2.Sprint1.Task4.V16", "Tyuiu.Ahmadi2.Sprint1.Task4.V16\Tyuiu.Ahmadi2.Sprint1.Task4.V16.csproj", "{9C1B19B9-3416-485B-9D55-5CFF374ACBB1}"
EndProject
Project("{FAE04EC0-301F-11D3-BF4B-00C04F79EFBC}") = "Tyuiu.Ahmadi2.Sprint1.Task4.V16.Lib", "Tyuiu.Ahmadi2.Sprint1.Task4.V16.Lib\Tyuiu.Ahmadi2.Sprint1.Task4.V16.Lib.csproj", "{718D2126-1B06-4833-A5B3-C8A8FA94EBD5}"
EndProject
Project("{FAE04EC0-301F-11D3-BF4B-00C04F79EFBC}") = "Tyuiu.Ahmadi2.Sprint1.Task4.V16.Test", "Tyuiu.Ahmadi2.Sprint1.Task4.V16.Test\Tyuiu.Ahmadi2.Sprint1.Task4.V16.Test.csproj", "{A31189A8-9026-4D78-9582-B8AF592B1229}"
EndProject
Project("{2150E333-8FDC-42A3-9474-1A3956D46DE8}") = "Task5", "Task5", "{87F19CE1-B1AC-4308-8022-04BF6577C402}"
EndProject
Global
	GlobalSection(SolutionConfigurationPlatforms) = preSolution
		Debug|Any CPU = Debug|Any CPU
		Release|Any CPU = Release|Any CPU
	EndGlobalSection
	GlobalSection(ProjectConfigurationPlatforms) = postSolution
		{23B6F5C5-A537-4FDC-803D-84560CBB78A6}.Debug|Any CPU.ActiveCfg = Debug|Any CPU
		{23B6F5C5-A537-4FDC-803D-84560CBB78A6}.Debug|Any CPU.Build.0 = Debug|Any CPU
		{23B6F5C5-A537-4FDC-803D-84560CBB78A6}.Release|Any CPU.ActiveCfg = Release|Any CPU
		{23B6F5C5-A537-4FDC-803D-84560CBB78A6}.Release|Any CPU.Build.0 = Release|Any CPU
		{D0767981-69C3-4BCD-9ACB-85C86DF3A266}.Debug|Any CPU.ActiveCfg = Debug|Any CPU
		{D0767981-69C3-4BCD-9ACB-85C86DF3A266}.Debug|Any CPU.Build.0 = Debug|Any CPU
		{D0767981-69C3-4BCD-9ACB-85C86DF3A266}.Release|Any CPU.ActiveCfg = Release|Any CPU
		{D0767981-69C3-4BCD-9ACB-85C86DF3A266}.Release|Any CPU.Build.0 = Release|Any CPU
		{858C6A96-D14E-477C-9BAE-41946786E7DE}.Debug|Any CPU.ActiveCfg = Debug|Any CPU
		{858C6A96-D14E-477C-9BAE-41946786E7DE}.Debug|Any CPU.Build.0 = Debug|Any CPU
		{858C6A96-D14E-477C-9BAE-41946786E7DE}.Release|Any CPU.ActiveCfg = Release|Any CPU
		{858C6A96-D14E-477C-9BAE-41946786E7DE}.Release|Any CPU.Build.0 = Release|Any CPU
		{5CF777C3-3648-49C5-BA90-8A5C38FFEB9D}.Debug|Any CPU.ActiveCfg = Debug|Any CPU
		{5CF777C3-3648-49C5-BA90-8A5C38FFEB9D}.Debug|Any CPU.Build.0 = Debug|Any CPU
		{5CF777C3-3648-49C5-BA90-8A5C38FFEB9D}.Release|Any CPU.ActiveCfg = Release|Any CPU
		{5CF777C3-3648-49C5-BA90-8A5C38FFEB9D}.Release|Any CPU.Build.0 = Release|Any CPU
		{F4F43D1F-60FF-4907-AF06-FDB25D52A887}.Debug|Any CPU.ActiveCfg = Debug|Any CPU
		{F4F43D1F-60FF-4907-AF06-FDB25D52A887}.Debug|Any CPU.Build.0 = Debug|Any CPU
		{F4F43D1F-60FF-4907-AF06-FDB25D52A887}.Release|Any CPU.ActiveCfg = Release|Any CPU
		{F4F43D1F-60FF-4907-AF06-FDB25D52A887}.Release|Any CPU.Build.0 = Release|Any CPU
		{7DD4FD89-3080-411F-B0F6-E4AFBF73DF42}.Debug|Any CPU.ActiveCfg = Debug|Any CPU
		{7DD4FD89-3080-411F-B0F6-E4AFBF73DF42}.Debug|Any CPU.Build.0 = Debug|Any CPU
		{7DD4FD89-3080-411F-B0F6-E4AFBF73DF42}.Release|Any CPU.ActiveCfg = Release|Any CPU
		{7DD4FD89-3080-411F-B0F6-E4AFBF73DF42}.Release|Any CPU.Build.0 = Release|Any CPU
		{9C1B19B9-3416-485B-9D55-5CFF374ACBB1}.Debug|Any CPU.ActiveCfg = Debug|Any CPU
		{9C1B19B9-3416-485B-9D55-5CFF374ACBB1}.Debug|Any CPU.Build.0 = Debug|Any CPU
		{9C1B19B9-3416-485B-9D55-5CFF374ACBB1}.Release|Any CPU.ActiveCfg = Release|Any CPU
		{9C1B19B9-3416-485B-9D55-5CFF374ACBB1}.Release|Any CPU.Build.0 = Release|Any CPU
		{718D2126-1B06-4833-A5B3-C8A8FA94EBD5}.Debug|Any CPU.ActiveCfg = Debug|Any CPU
		{718D2126-1B06-4833-A5B3-C8A8FA94EBD5}.Debug|Any CPU.Build.0 = Debug|Any CPU
		{718D2126-1B06-4833-A5B3-C8A8FA94EBD5}.Release|Any CPU.ActiveCfg = Release|Any CPU
		{718D2126-1B06-4833-A5B3-C8A8FA94EBD5}.Release|Any CPU.Build.0 = Release|Any CPU
		{A31189A8-9026-4D78-9582-B8AF592B1229}.Debug|Any CPU.ActiveCfg = Debug|Any CPU
		{A31189A8-9026-4D78-9582-B8AF592B1229}.Debug|Any CPU.Build.0 = Debug|Any CPU
		{A31189A8-9026-4D78-9582-B8AF592B1229}.Release|Any CPU.ActiveCfg = Release|Any CPU
		{A31189A8-9026-4D78-9582-B8AF592B1229}.Release|Any CPU.Build.0 = Release|Any CPU
	EndGlobalSection
	GlobalSection(SolutionProperties) = preSolution
		HideSolutionNode = FALSE
	EndGlobalSection
	GlobalSection(NestedProjects) = preSolution
		{23B6F5C5-A537-4FDC-803D-84560CBB78A6} = {02EA681E-C7D8-13C7-8484-4AC65E1B71E8}
		{D0767981-69C3-4BCD-9ACB-85C86DF3A266} = {02EA681E-C7D8-13C7-8484-4AC65E1B71E8}
		{858C6A96-D14E-477C-9BAE-41946786E7DE} = {02EA681E-C7D8-13C7-8484-4AC65E1B71E8}
		{5CF777C3-3648-49C5-BA90-8A5C38FFEB9D} = {F167B14B-F19B-4668-A5AF-561F7E064FB0}
		{F4F43D1F-60FF-4907-AF06-FDB25D52A887} = {F167B14B-F19B-4668-A5AF-561F7E064FB0}
		{7DD4FD89-3080-411F-B0F6-E4AFBF73DF42} = {F167B14B-F19B-4668-A5AF-561F7E064FB0}
		{9C1B19B9-3416-485B-9D55-5CFF374ACBB1} = {029FFD27-E44F-4CCF-B7A4-41152E7687C3}
		{718D2126-1B06-4833-A5B3-C8A8FA94EBD5} = {029FFD27-E44F-4CCF-B7A4-41152E7687C3}
		{A31189A8-9026-4D78-9582-B8AF592B1229} = {029FFD27-E44F-4CCF-B7A4-41152E7687C3}
	EndGlobalSection
	GlobalSection(ExtensibilityGlobals) = postSolution
		SolutionGuid = {FD755749-8085-4F3D-8EC7-956F9CCE8244}
	EndGlobalSection
EndGlobal
